// !$*UTF8*$!
{
	archiveVersion = 1;
	classes = {
	};
	objectVersion = 55;
	objects = {

/* Begin PBXBuildFile section */
		805842F3278ED3A4005E4CC0 /* AppDelegate.swift in Sources */ = {isa = PBXBuildFile; fileRef = 805842F2278ED3A4005E4CC0 /* AppDelegate.swift */; };
		805842F5278ED3A4005E4CC0 /* SceneDelegate.swift in Sources */ = {isa = PBXBuildFile; fileRef = 805842F4278ED3A4005E4CC0 /* SceneDelegate.swift */; };
		805842F7278ED3A4005E4CC0 /* ViewController.swift in Sources */ = {isa = PBXBuildFile; fileRef = 805842F6278ED3A4005E4CC0 /* ViewController.swift */; };
		805842FA278ED3A4005E4CC0 /* Main.storyboard in Resources */ = {isa = PBXBuildFile; fileRef = 805842F8278ED3A4005E4CC0 /* Main.storyboard */; };
		805842FC278ED3A7005E4CC0 /* Assets.xcassets in Resources */ = {isa = PBXBuildFile; fileRef = 805842FB278ED3A7005E4CC0 /* Assets.xcassets */; };
		805842FF278ED3A7005E4CC0 /* LaunchScreen.storyboard in Resources */ = {isa = PBXBuildFile; fileRef = 805842FD278ED3A7005E4CC0 /* LaunchScreen.storyboard */; };
		8058430A278ED3A7005E4CC0 /* CircleCITests.swift in Sources */ = {isa = PBXBuildFile; fileRef = 80584309278ED3A7005E4CC0 /* CircleCITests.swift */; };
		80584314278ED3A7005E4CC0 /* CircleCIUITests.swift in Sources */ = {isa = PBXBuildFile; fileRef = 80584313278ED3A7005E4CC0 /* CircleCIUITests.swift */; };
		80584316278ED3A7005E4CC0 /* CircleCIUITestsLaunchTests.swift in Sources */ = {isa = PBXBuildFile; fileRef = 80584315278ED3A7005E4CC0 /* CircleCIUITestsLaunchTests.swift */; };
/* End PBXBuildFile section */

/* Begin PBXContainerItemProxy section */
		80584306278ED3A7005E4CC0 /* PBXContainerItemProxy */ = {
			isa = PBXContainerItemProxy;
			containerPortal = 805842E7278ED3A4005E4CC0 /* Project object */;
			proxyType = 1;
			remoteGlobalIDString = 805842EE278ED3A4005E4CC0;
			remoteInfo = CircleCI;
		};
		80584310278ED3A7005E4CC0 /* PBXContainerItemProxy */ = {
			isa = PBXContainerItemProxy;
			containerPortal = 805842E7278ED3A4005E4CC0 /* Project object */;
			proxyType = 1;
			remoteGlobalIDString = 805842EE278ED3A4005E4CC0;
			remoteInfo = CircleCI;
		};
/* End PBXContainerItemProxy section */

/* Begin PBXFileReference section */
		805842EF278ED3A4005E4CC0 /* CircleCI.app */ = {isa = PBXFileReference; explicitFileType = wrapper.application; includeInIndex = 0; path = CircleCI.app; sourceTree = BUILT_PRODUCTS_DIR; };
		805842F2278ED3A4005E4CC0 /* AppDelegate.swift */ = {isa = PBXFileReference; lastKnownFileType = sourcecode.swift; path = AppDelegate.swift; sourceTree = "<group>"; };
		805842F4278ED3A4005E4CC0 /* SceneDelegate.swift */ = {isa = PBXFileReference; lastKnownFileType = sourcecode.swift; path = SceneDelegate.swift; sourceTree = "<group>"; };
		805842F6278ED3A4005E4CC0 /* ViewController.swift */ = {isa = PBXFileReference; lastKnownFileType = sourcecode.swift; path = ViewController.swift; sourceTree = "<group>"; };
		805842F9278ED3A4005E4CC0 /* Base */ = {isa = PBXFileReference; lastKnownFileType = file.storyboard; name = Base; path = Base.lproj/Main.storyboard; sourceTree = "<group>"; };
		805842FB278ED3A7005E4CC0 /* Assets.xcassets */ = {isa = PBXFileReference; lastKnownFileType = folder.assetcatalog; path = Assets.xcassets; sourceTree = "<group>"; };
		805842FE278ED3A7005E4CC0 /* Base */ = {isa = PBXFileReference; lastKnownFileType = file.storyboard; name = Base; path = Base.lproj/LaunchScreen.storyboard; sourceTree = "<group>"; };
		80584300278ED3A7005E4CC0 /* Info.plist */ = {isa = PBXFileReference; lastKnownFileType = text.plist.xml; path = Info.plist; sourceTree = "<group>"; };
		80584305278ED3A7005E4CC0 /* CircleCITests.xctest */ = {isa = PBXFileReference; explicitFileType = wrapper.cfbundle; includeInIndex = 0; path = CircleCITests.xctest; sourceTree = BUILT_PRODUCTS_DIR; };
		80584309278ED3A7005E4CC0 /* CircleCITests.swift */ = {isa = PBXFileReference; lastKnownFileType = sourcecode.swift; path = CircleCITests.swift; sourceTree = "<group>"; };
		8058430F278ED3A7005E4CC0 /* CircleCIUITests.xctest */ = {isa = PBXFileReference; explicitFileType = wrapper.cfbundle; includeInIndex = 0; path = CircleCIUITests.xctest; sourceTree = BUILT_PRODUCTS_DIR; };
		80584313278ED3A7005E4CC0 /* CircleCIUITests.swift */ = {isa = PBXFileReference; lastKnownFileType = sourcecode.swift; path = CircleCIUITests.swift; sourceTree = "<group>"; };
		80584315278ED3A7005E4CC0 /* CircleCIUITestsLaunchTests.swift */ = {isa = PBXFileReference; lastKnownFileType = sourcecode.swift; path = CircleCIUITestsLaunchTests.swift; sourceTree = "<group>"; };
/* End PBXFileReference section */

/* Begin PBXFrameworksBuildPhase section */
		805842EC278ED3A4005E4CC0 /* Frameworks */ = {
			isa = PBXFrameworksBuildPhase;
			buildActionMask = 2147483647;
			files = (
			);
			runOnlyForDeploymentPostprocessing = 0;
		};
		80584302278ED3A7005E4CC0 /* Frameworks */ = {
			isa = PBXFrameworksBuildPhase;
			buildActionMask = 2147483647;
			files = (
			);
			runOnlyForDeploymentPostprocessing = 0;
		};
		8058430C278ED3A7005E4CC0 /* Frameworks */ = {
			isa = PBXFrameworksBuildPhase;
			buildActionMask = 2147483647;
			files = (
			);
			runOnlyForDeploymentPostprocessing = 0;
		};
/* End PBXFrameworksBuildPhase section */

/* Begin PBXGroup section */
		805842E6278ED3A4005E4CC0 = {
			isa = PBXGroup;
			children = (
				805842F1278ED3A4005E4CC0 /* CircleCI */,
				80584308278ED3A7005E4CC0 /* CircleCITests */,
				80584312278ED3A7005E4CC0 /* CircleCIUITests */,
				805842F0278ED3A4005E4CC0 /* Products */,
			);
			sourceTree = "<group>";
		};
		805842F0278ED3A4005E4CC0 /* Products */ = {
			isa = PBXGroup;
			children = (
				805842EF278ED3A4005E4CC0 /* CircleCI.app */,
				80584305278ED3A7005E4CC0 /* CircleCITests.xctest */,
				8058430F278ED3A7005E4CC0 /* CircleCIUITests.xctest */,
			);
			name = Products;
			sourceTree = "<group>";
		};
		805842F1278ED3A4005E4CC0 /* CircleCI */ = {
			isa = PBXGroup;
			children = (
				805842F2278ED3A4005E4CC0 /* AppDelegate.swift */,
				805842F4278ED3A4005E4CC0 /* SceneDelegate.swift */,
				805842F6278ED3A4005E4CC0 /* ViewController.swift */,
				805842F8278ED3A4005E4CC0 /* Main.storyboard */,
				805842FB278ED3A7005E4CC0 /* Assets.xcassets */,
				805842FD278ED3A7005E4CC0 /* LaunchScreen.storyboard */,
				80584300278ED3A7005E4CC0 /* Info.plist */,
			);
			path = CircleCI;
			sourceTree = "<group>";
		};
		80584308278ED3A7005E4CC0 /* CircleCITests */ = {
			isa = PBXGroup;
			children = (
				80584309278ED3A7005E4CC0 /* CircleCITests.swift */,
			);
			path = CircleCITests;
			sourceTree = "<group>";
		};
		80584312278ED3A7005E4CC0 /* CircleCIUITests */ = {
			isa = PBXGroup;
			children = (
				80584313278ED3A7005E4CC0 /* CircleCIUITests.swift */,
				80584315278ED3A7005E4CC0 /* CircleCIUITestsLaunchTests.swift */,
			);
			path = CircleCIUITests;
			sourceTree = "<group>";
		};
/* End PBXGroup section */

/* Begin PBXNativeTarget section */
		805842EE278ED3A4005E4CC0 /* CircleCI */ = {
			isa = PBXNativeTarget;
			buildConfigurationList = 80584319278ED3A7005E4CC0 /* Build configuration list for PBXNativeTarget "CircleCI" */;
			buildPhases = (
				805842EB278ED3A4005E4CC0 /* Sources */,
				805842EC278ED3A4005E4CC0 /* Frameworks */,
				805842ED278ED3A4005E4CC0 /* Resources */,
			);
			buildRules = (
			);
			dependencies = (
			);
			name = CircleCI;
			productName = CircleCI;
			productReference = 805842EF278ED3A4005E4CC0 /* CircleCI.app */;
			productType = "com.apple.product-type.application";
		};
		80584304278ED3A7005E4CC0 /* CircleCITests */ = {
			isa = PBXNativeTarget;
			buildConfigurationList = 8058431C278ED3A7005E4CC0 /* Build configuration list for PBXNativeTarget "CircleCITests" */;
			buildPhases = (
				80584301278ED3A7005E4CC0 /* Sources */,
				80584302278ED3A7005E4CC0 /* Frameworks */,
				80584303278ED3A7005E4CC0 /* Resources */,
			);
			buildRules = (
			);
			dependencies = (
				80584307278ED3A7005E4CC0 /* PBXTargetDependency */,
			);
			name = CircleCITests;
			productName = CircleCITests;
			productReference = 80584305278ED3A7005E4CC0 /* CircleCITests.xctest */;
			productType = "com.apple.product-type.bundle.unit-test";
		};
		8058430E278ED3A7005E4CC0 /* CircleCIUITests */ = {
			isa = PBXNativeTarget;
			buildConfigurationList = 8058431F278ED3A7005E4CC0 /* Build configuration list for PBXNativeTarget "CircleCIUITests" */;
			buildPhases = (
				8058430B278ED3A7005E4CC0 /* Sources */,
				8058430C278ED3A7005E4CC0 /* Frameworks */,
				8058430D278ED3A7005E4CC0 /* Resources */,
			);
			buildRules = (
			);
			dependencies = (
				80584311278ED3A7005E4CC0 /* PBXTargetDependency */,
			);
			name = CircleCIUITests;
			productName = CircleCIUITests;
			productReference = 8058430F278ED3A7005E4CC0 /* CircleCIUITests.xctest */;
			productType = "com.apple.product-type.bundle.ui-testing";
		};
/* End PBXNativeTarget section */

/* Begin PBXProject section */
		805842E7278ED3A4005E4CC0 /* Project object */ = {
			isa = PBXProject;
			attributes = {
				BuildIndependentTargetsInParallel = 1;
				LastSwiftUpdateCheck = 1320;
				LastUpgradeCheck = 1320;
				TargetAttributes = {
					805842EE278ED3A4005E4CC0 = {
						CreatedOnToolsVersion = 13.2.1;
					};
					80584304278ED3A7005E4CC0 = {
						CreatedOnToolsVersion = 13.2.1;
						TestTargetID = 805842EE278ED3A4005E4CC0;
					};
					8058430E278ED3A7005E4CC0 = {
						CreatedOnToolsVersion = 13.2.1;
						TestTargetID = 805842EE278ED3A4005E4CC0;
					};
				};
			};
			buildConfigurationList = 805842EA278ED3A4005E4CC0 /* Build configuration list for PBXProject "CircleCI" */;
			compatibilityVersion = "Xcode 13.0";
			developmentRegion = en;
			hasScannedForEncodings = 0;
			knownRegions = (
				en,
				Base,
			);
			mainGroup = 805842E6278ED3A4005E4CC0;
			productRefGroup = 805842F0278ED3A4005E4CC0 /* Products */;
			projectDirPath = "";
			projectRoot = "";
			targets = (
				805842EE278ED3A4005E4CC0 /* CircleCI */,
				80584304278ED3A7005E4CC0 /* CircleCITests */,
				8058430E278ED3A7005E4CC0 /* CircleCIUITests */,
			);
		};
/* End PBXProject section */

/* Begin PBXResourcesBuildPhase section */
		805842ED278ED3A4005E4CC0 /* Resources */ = {
			isa = PBXResourcesBuildPhase;
			buildActionMask = 2147483647;
			files = (
				805842FF278ED3A7005E4CC0 /* LaunchScreen.storyboard in Resources */,
				805842FC278ED3A7005E4CC0 /* Assets.xcassets in Resources */,
				805842FA278ED3A4005E4CC0 /* Main.storyboard in Resources */,
			);
			runOnlyForDeploymentPostprocessing = 0;
		};
		80584303278ED3A7005E4CC0 /* Resources */ = {
			isa = PBXResourcesBuildPhase;
			buildActionMask = 2147483647;
			files = (
			);
			runOnlyForDeploymentPostprocessing = 0;
		};
		8058430D278ED3A7005E4CC0 /* Resources */ = {
			isa = PBXResourcesBuildPhase;
			buildActionMask = 2147483647;
			files = (
			);
			runOnlyForDeploymentPostprocessing = 0;
		};
/* End PBXResourcesBuildPhase section */

/* Begin PBXSourcesBuildPhase section */
		805842EB278ED3A4005E4CC0 /* Sources */ = {
			isa = PBXSourcesBuildPhase;
			buildActionMask = 2147483647;
			files = (
				805842F7278ED3A4005E4CC0 /* ViewController.swift in Sources */,
				805842F3278ED3A4005E4CC0 /* AppDelegate.swift in Sources */,
				805842F5278ED3A4005E4CC0 /* SceneDelegate.swift in Sources */,
			);
			runOnlyForDeploymentPostprocessing = 0;
		};
		80584301278ED3A7005E4CC0 /* Sources */ = {
			isa = PBXSourcesBuildPhase;
			buildActionMask = 2147483647;
			files = (
				8058430A278ED3A7005E4CC0 /* CircleCITests.swift in Sources */,
			);
			runOnlyForDeploymentPostprocessing = 0;
		};
		8058430B278ED3A7005E4CC0 /* Sources */ = {
			isa = PBXSourcesBuildPhase;
			buildActionMask = 2147483647;
			files = (
				80584316278ED3A7005E4CC0 /* CircleCIUITestsLaunchTests.swift in Sources */,
				80584314278ED3A7005E4CC0 /* CircleCIUITests.swift in Sources */,
			);
			runOnlyForDeploymentPostprocessing = 0;
		};
/* End PBXSourcesBuildPhase section */

/* Begin PBXTargetDependency section */
		80584307278ED3A7005E4CC0 /* PBXTargetDependency */ = {
			isa = PBXTargetDependency;
			target = 805842EE278ED3A4005E4CC0 /* CircleCI */;
			targetProxy = 80584306278ED3A7005E4CC0 /* PBXContainerItemProxy */;
		};
		80584311278ED3A7005E4CC0 /* PBXTargetDependency */ = {
			isa = PBXTargetDependency;
			target = 805842EE278ED3A4005E4CC0 /* CircleCI */;
			targetProxy = 80584310278ED3A7005E4CC0 /* PBXContainerItemProxy */;
		};
/* End PBXTargetDependency section */

/* Begin PBXVariantGroup section */
		805842F8278ED3A4005E4CC0 /* Main.storyboard */ = {
			isa = PBXVariantGroup;
			children = (
				805842F9278ED3A4005E4CC0 /* Base */,
			);
			name = Main.storyboard;
			sourceTree = "<group>";
		};
		805842FD278ED3A7005E4CC0 /* LaunchScreen.storyboard */ = {
			isa = PBXVariantGroup;
			children = (
				805842FE278ED3A7005E4CC0 /* Base */,
			);
			name = LaunchScreen.storyboard;
			sourceTree = "<group>";
		};
/* End PBXVariantGroup section */

/* Begin XCBuildConfiguration section */
		80584317278ED3A7005E4CC0 /* Debug */ = {
			isa = XCBuildConfiguration;
			buildSettings = {
				ALWAYS_SEARCH_USER_PATHS = NO;
				CLANG_ANALYZER_NONNULL = YES;
				CLANG_ANALYZER_NUMBER_OBJECT_CONVERSION = YES_AGGRESSIVE;
				CLANG_CXX_LANGUAGE_STANDARD = "gnu++17";
				CLANG_CXX_LIBRARY = "libc++";
				CLANG_ENABLE_MODULES = YES;
				CLANG_ENABLE_OBJC_ARC = YES;
				CLANG_ENABLE_OBJC_WEAK = YES;
				CLANG_WARN_BLOCK_CAPTURE_AUTORELEASING = YES;
				CLANG_WARN_BOOL_CONVERSION = YES;
				CLANG_WARN_COMMA = YES;
				CLANG_WARN_CONSTANT_CONVERSION = YES;
				CLANG_WARN_DEPRECATED_OBJC_IMPLEMENTATIONS = YES;
				CLANG_WARN_DIRECT_OBJC_ISA_USAGE = YES_ERROR;
				CLANG_WARN_DOCUMENTATION_COMMENTS = YES;
				CLANG_WARN_EMPTY_BODY = YES;
				CLANG_WARN_ENUM_CONVERSION = YES;
				CLANG_WARN_INFINITE_RECURSION = YES;
				CLANG_WARN_INT_CONVERSION = YES;
				CLANG_WARN_NON_LITERAL_NULL_CONVERSION = YES;
				CLANG_WARN_OBJC_IMPLICIT_RETAIN_SELF = YES;
				CLANG_WARN_OBJC_LITERAL_CONVERSION = YES;
				CLANG_WARN_OBJC_ROOT_CLASS = YES_ERROR;
				CLANG_WARN_QUOTED_INCLUDE_IN_FRAMEWORK_HEADER = YES;
				CLANG_WARN_RANGE_LOOP_ANALYSIS = YES;
				CLANG_WARN_STRICT_PROTOTYPES = YES;
				CLANG_WARN_SUSPICIOUS_MOVE = YES;
				CLANG_WARN_UNGUARDED_AVAILABILITY = YES_AGGRESSIVE;
				CLANG_WARN_UNREACHABLE_CODE = YES;
				CLANG_WARN__DUPLICATE_METHOD_MATCH = YES;
				COPY_PHASE_STRIP = NO;
				DEBUG_INFORMATION_FORMAT = dwarf;
				ENABLE_STRICT_OBJC_MSGSEND = YES;
				ENABLE_TESTABILITY = YES;
				GCC_C_LANGUAGE_STANDARD = gnu11;
				GCC_DYNAMIC_NO_PIC = NO;
				GCC_NO_COMMON_BLOCKS = YES;
				GCC_OPTIMIZATION_LEVEL = 0;
				GCC_PREPROCESSOR_DEFINITIONS = (
					"DEBUG=1",
					"$(inherited)",
				);
				GCC_WARN_64_TO_32_BIT_CONVERSION = YES;
				GCC_WARN_ABOUT_RETURN_TYPE = YES_ERROR;
				GCC_WARN_UNDECLARED_SELECTOR = YES;
				GCC_WARN_UNINITIALIZED_AUTOS = YES_AGGRESSIVE;
				GCC_WARN_UNUSED_FUNCTION = YES;
				GCC_WARN_UNUSED_VARIABLE = YES;
				IPHONEOS_DEPLOYMENT_TARGET = 15.2;
				MTL_ENABLE_DEBUG_INFO = INCLUDE_SOURCE;
				MTL_FAST_MATH = YES;
				ONLY_ACTIVE_ARCH = YES;
				SDKROOT = iphoneos;
				SWIFT_ACTIVE_COMPILATION_CONDITIONS = DEBUG;
				SWIFT_OPTIMIZATION_LEVEL = "-Onone";
			};
			name = Debug;
		};
		80584318278ED3A7005E4CC0 /* Release */ = {
			isa = XCBuildConfiguration;
			buildSettings = {
				ALWAYS_SEARCH_USER_PATHS = NO;
				CLANG_ANALYZER_NONNULL = YES;
				CLANG_ANALYZER_NUMBER_OBJECT_CONVERSION = YES_AGGRESSIVE;
				CLANG_CXX_LANGUAGE_STANDARD = "gnu++17";
				CLANG_CXX_LIBRARY = "libc++";
				CLANG_ENABLE_MODULES = YES;
				CLANG_ENABLE_OBJC_ARC = YES;
				CLANG_ENABLE_OBJC_WEAK = YES;
				CLANG_WARN_BLOCK_CAPTURE_AUTORELEASING = YES;
				CLANG_WARN_BOOL_CONVERSION = YES;
				CLANG_WARN_COMMA = YES;
				CLANG_WARN_CONSTANT_CONVERSION = YES;
				CLANG_WARN_DEPRECATED_OBJC_IMPLEMENTATIONS = YES;
				CLANG_WARN_DIRECT_OBJC_ISA_USAGE = YES_ERROR;
				CLANG_WARN_DOCUMENTATION_COMMENTS = YES;
				CLANG_WARN_EMPTY_BODY = YES;
				CLANG_WARN_ENUM_CONVERSION = YES;
				CLANG_WARN_INFINITE_RECURSION = YES;
				CLANG_WARN_INT_CONVERSION = YES;
				CLANG_WARN_NON_LITERAL_NULL_CONVERSION = YES;
				CLANG_WARN_OBJC_IMPLICIT_RETAIN_SELF = YES;
				CLANG_WARN_OBJC_LITERAL_CONVERSION = YES;
				CLANG_WARN_OBJC_ROOT_CLASS = YES_ERROR;
				CLANG_WARN_QUOTED_INCLUDE_IN_FRAMEWORK_HEADER = YES;
				CLANG_WARN_RANGE_LOOP_ANALYSIS = YES;
				CLANG_WARN_STRICT_PROTOTYPES = YES;
				CLANG_WARN_SUSPICIOUS_MOVE = YES;
				CLANG_WARN_UNGUARDED_AVAILABILITY = YES_AGGRESSIVE;
				CLANG_WARN_UNREACHABLE_CODE = YES;
				CLANG_WARN__DUPLICATE_METHOD_MATCH = YES;
				COPY_PHASE_STRIP = NO;
				DEBUG_INFORMATION_FORMAT = "dwarf-with-dsym";
				ENABLE_NS_ASSERTIONS = NO;
				ENABLE_STRICT_OBJC_MSGSEND = YES;
				GCC_C_LANGUAGE_STANDARD = gnu11;
				GCC_NO_COMMON_BLOCKS = YES;
				GCC_WARN_64_TO_32_BIT_CONVERSION = YES;
				GCC_WARN_ABOUT_RETURN_TYPE = YES_ERROR;
				GCC_WARN_UNDECLARED_SELECTOR = YES;
				GCC_WARN_UNINITIALIZED_AUTOS = YES_AGGRESSIVE;
				GCC_WARN_UNUSED_FUNCTION = YES;
				GCC_WARN_UNUSED_VARIABLE = YES;
				IPHONEOS_DEPLOYMENT_TARGET = 15.2;
				MTL_ENABLE_DEBUG_INFO = NO;
				MTL_FAST_MATH = YES;
				SDKROOT = iphoneos;
				SWIFT_COMPILATION_MODE = wholemodule;
				SWIFT_OPTIMIZATION_LEVEL = "-O";
				VALIDATE_PRODUCT = YES;
			};
			name = Release;
		};
		8058431A278ED3A7005E4CC0 /* Debug */ = {
			isa = XCBuildConfiguration;
			buildSettings = {
				ASSETCATALOG_COMPILER_APPICON_NAME = AppIcon;
				ASSETCATALOG_COMPILER_GLOBAL_ACCENT_COLOR_NAME = AccentColor;
				CODE_SIGN_STYLE = Automatic;
				CURRENT_PROJECT_VERSION = 1;
				GENERATE_INFOPLIST_FILE = YES;
				INFOPLIST_FILE = CircleCI/Info.plist;
				INFOPLIST_KEY_UIApplicationSupportsIndirectInputEvents = YES;
				INFOPLIST_KEY_UILaunchStoryboardName = LaunchScreen;
				INFOPLIST_KEY_UIMainStoryboardFile = Main;
				INFOPLIST_KEY_UISupportedInterfaceOrientations_iPad = "UIInterfaceOrientationPortrait UIInterfaceOrientationPortraitUpsideDown UIInterfaceOrientationLandscapeLeft UIInterfaceOrientationLandscapeRight";
				INFOPLIST_KEY_UISupportedInterfaceOrientations_iPhone = "UIInterfaceOrientationPortrait UIInterfaceOrientationLandscapeLeft UIInterfaceOrientationLandscapeRight";
				LD_RUNPATH_SEARCH_PATHS = (
					"$(inherited)",
					"@executable_path/Frameworks",
				);
				MARKETING_VERSION = 1.0;
				PRODUCT_BUNDLE_IDENTIFIER = com.anuj.CircleCI;
				PRODUCT_NAME = "$(TARGET_NAME)";
				SWIFT_EMIT_LOC_STRINGS = YES;
				SWIFT_VERSION = 5.0;
				TARGETED_DEVICE_FAMILY = "1,2";
			};
			name = Debug;
		};
		8058431B278ED3A7005E4CC0 /* Release */ = {
			isa = XCBuildConfiguration;
			buildSettings = {
				ASSETCATALOG_COMPILER_APPICON_NAME = AppIcon;
				ASSETCATALOG_COMPILER_GLOBAL_ACCENT_COLOR_NAME = AccentColor;
				CODE_SIGN_STYLE = Automatic;
				CURRENT_PROJECT_VERSION = 1;
				GENERATE_INFOPLIST_FILE = YES;
				INFOPLIST_FILE = CircleCI/Info.plist;
				INFOPLIST_KEY_UIApplicationSupportsIndirectInputEvents = YES;
				INFOPLIST_KEY_UILaunchStoryboardName = LaunchScreen;
				INFOPLIST_KEY_UIMainStoryboardFile = Main;
				INFOPLIST_KEY_UISupportedInterfaceOrientations_iPad = "UIInterfaceOrientationPortrait UIInterfaceOrientationPortraitUpsideDown UIInterfaceOrientationLandscapeLeft UIInterfaceOrientationLandscapeRight";
				INFOPLIST_KEY_UISupportedInterfaceOrientations_iPhone = "UIInterfaceOrientationPortrait UIInterfaceOrientationLandscapeLeft UIInterfaceOrientationLandscapeRight";
				LD_RUNPATH_SEARCH_PATHS = (
					"$(inherited)",
					"@executable_path/Frameworks",
				);
				MARKETING_VERSION = 1.0;
				PRODUCT_BUNDLE_IDENTIFIER = com.anuj.CircleCI;
				PRODUCT_NAME = "$(TARGET_NAME)";
				SWIFT_EMIT_LOC_STRINGS = YES;
				SWIFT_VERSION = 5.0;
				TARGETED_DEVICE_FAMILY = "1,2";
			};
			name = Release;
		};
		8058431D278ED3A7005E4CC0 /* Debug */ = {
			isa = XCBuildConfiguration;
			buildSettings = {
				ALWAYS_EMBED_SWIFT_STANDARD_LIBRARIES = YES;
				BUNDLE_LOADER = "$(TEST_HOST)";
				CODE_SIGN_STYLE = Automatic;
				CURRENT_PROJECT_VERSION = 1;
				GENERATE_INFOPLIST_FILE = YES;
				IPHONEOS_DEPLOYMENT_TARGET = 15.2;
				MARKETING_VERSION = 1.0;
				PRODUCT_BUNDLE_IDENTIFIER = com.anuj.CircleCITests;
				PRODUCT_NAME = "$(TARGET_NAME)";
				SWIFT_EMIT_LOC_STRINGS = NO;
				SWIFT_VERSION = 5.0;
				TARGETED_DEVICE_FAMILY = "1,2";
				TEST_HOST = "$(BUILT_PRODUCTS_DIR)/CircleCI.app/CircleCI";
			};
			name = Debug;
		};
		8058431E278ED3A7005E4CC0 /* Release */ = {
			isa = XCBuildConfiguration;
			buildSettings = {
				ALWAYS_EMBED_SWIFT_STANDARD_LIBRARIES = YES;
				BUNDLE_LOADER = "$(TEST_HOST)";
				CODE_SIGN_STYLE = Automatic;
				CURRENT_PROJECT_VERSION = 1;
				GENERATE_INFOPLIST_FILE = YES;
				IPHONEOS_DEPLOYMENT_TARGET = 15.2;
				MARKETING_VERSION = 1.0;
				PRODUCT_BUNDLE_IDENTIFIER = com.anuj.CircleCITests;
				PRODUCT_NAME = "$(TARGET_NAME)";
				SWIFT_EMIT_LOC_STRINGS = NO;
				SWIFT_VERSION = 5.0;
				TARGETED_DEVICE_FAMILY = "1,2";
				TEST_HOST = "$(BUILT_PRODUCTS_DIR)/CircleCI.app/CircleCI";
			};
			name = Release;
		};
		80584320278ED3A7005E4CC0 /* Debug */ = {
			isa = XCBuildConfiguration;
			buildSettings = {
				ALWAYS_EMBED_SWIFT_STANDARD_LIBRARIES = YES;
				CODE_SIGN_STYLE = Automatic;
				CURRENT_PROJECT_VERSION = 1;
				GENERATE_INFOPLIST_FILE = YES;
				MARKETING_VERSION = 1.0;
				PRODUCT_BUNDLE_IDENTIFIER = com.anuj.CircleCIUITests;
				PRODUCT_NAME = "$(TARGET_NAME)";
				SWIFT_EMIT_LOC_STRINGS = NO;
				SWIFT_VERSION = 5.0;
				TARGETED_DEVICE_FAMILY = "1,2";
				TEST_TARGET_NAME = CircleCI;
			};
			name = Debug;
		};
		80584321278ED3A7005E4CC0 /* Release */ = {
			isa = XCBuildConfiguration;
			buildSettings = {
				ALWAYS_EMBED_SWIFT_STANDARD_LIBRARIES = YES;
				CODE_SIGN_STYLE = Automatic;
				CURRENT_PROJECT_VERSION = 1;
				GENERATE_INFOPLIST_FILE = YES;
				MARKETING_VERSION = 1.0;
				PRODUCT_BUNDLE_IDENTIFIER = com.anuj.CircleCIUITests;
				PRODUCT_NAME = "$(TARGET_NAME)";
				SWIFT_EMIT_LOC_STRINGS = NO;
				SWIFT_VERSION = 5.0;
				TARGETED_DEVICE_FAMILY = "1,2";
				TEST_TARGET_NAME = CircleCI;
			};
			name = Release;
		};
/* End XCBuildConfiguration section */

/* Begin XCConfigurationList section */
		805842EA278ED3A4005E4CC0 /* Build configuration list for PBXProject "CircleCI" */ = {
			isa = XCConfigurationList;
			buildConfigurations = (
				80584317278ED3A7005E4CC0 /* Debug */,
				80584318278ED3A7005E4CC0 /* Release */,
			);
			defaultConfigurationIsVisible = 0;
			defaultConfigurationName = Release;
		};
		80584319278ED3A7005E4CC0 /* Build configuration list for PBXNativeTarget "CircleCI" */ = {
			isa = XCConfigurationList;
			buildConfigurations = (
				8058431A278ED3A7005E4CC0 /* Debug */,
				8058431B278ED3A7005E4CC0 /* Release */,
			);
			defaultConfigurationIsVisible = 0;
			defaultConfigurationName = Release;
		};
		8058431C278ED3A7005E4CC0 /* Build configuration list for PBXNativeTarget "CircleCITests" */ = {
			isa = XCConfigurationList;
			buildConfigurations = (
				8058431D278ED3A7005E4CC0 /* Debug */,
				8058431E278ED3A7005E4CC0 /* Release */,
			);
			defaultConfigurationIsVisible = 0;
			defaultConfigurationName = Release;
		};
		8058431F278ED3A7005E4CC0 /* Build configuration list for PBXNativeTarget "CircleCIUITests" */ = {
			isa = XCConfigurationList;
			buildConfigurations = (
				80584320278ED3A7005E4CC0 /* Debug */,
				80584321278ED3A7005E4CC0 /* Release */,
			);
			defaultConfigurationIsVisible = 0;
			defaultConfigurationName = Release;
		};
/* End XCConfigurationList section */
	};
	rootObject = 805842E7278ED3A4005E4CC0 /* Project object */;
}
